// !$*UTF8*$!
{
	archiveVersion = 1;
	classes = {
	};
	objectVersion = 48;
	objects = {

/* Begin PBXBuildFile section */
		371D1F4B2018F39100977971 /* MoviesCell.swift in Sources */ = {isa = PBXBuildFile; fileRef = 371D1F4A2018F39100977971 /* MoviesCell.swift */; };
		3733676D201B0EB300AFE5E6 /* MovieInfoViewController.swift in Sources */ = {isa = PBXBuildFile; fileRef = 3733676C201B0EB300AFE5E6 /* MovieInfoViewController.swift */; };
		37349E2E20151EBA00A37D2D /* API.swift in Sources */ = {isa = PBXBuildFile; fileRef = 37349E2D20151EBA00A37D2D /* API.swift */; };
		374D67892011EAF300706D4F /* AppDelegate.swift in Sources */ = {isa = PBXBuildFile; fileRef = 374D67882011EAF300706D4F /* AppDelegate.swift */; };
		374D678D2011EAF300706D4F /* SecondViewController.swift in Sources */ = {isa = PBXBuildFile; fileRef = 374D678C2011EAF300706D4F /* SecondViewController.swift */; };
		374D67902011EAF300706D4F /* Main.storyboard in Resources */ = {isa = PBXBuildFile; fileRef = 374D678E2011EAF300706D4F /* Main.storyboard */; };
		374D67922011EAF300706D4F /* Assets.xcassets in Resources */ = {isa = PBXBuildFile; fileRef = 374D67912011EAF300706D4F /* Assets.xcassets */; };
		374D67952011EAF300706D4F /* LaunchScreen.storyboard in Resources */ = {isa = PBXBuildFile; fileRef = 374D67932011EAF300706D4F /* LaunchScreen.storyboard */; };
		3760316E2014809D00E69674 /* Setting.swift in Sources */ = {isa = PBXBuildFile; fileRef = 3760316D2014809C00E69674 /* Setting.swift */; };
		376031702014816000E69674 /* Design.swift in Sources */ = {isa = PBXBuildFile; fileRef = 3760316F2014816000E69674 /* Design.swift */; };
		376031722014820800E69674 /* Extensions.swift in Sources */ = {isa = PBXBuildFile; fileRef = 376031712014820800E69674 /* Extensions.swift */; };
		376031742014824E00E69674 /* Utility.swift in Sources */ = {isa = PBXBuildFile; fileRef = 376031732014824E00E69674 /* Utility.swift */; };
		377D38D9201484D6008A36CC /* Model.swift in Sources */ = {isa = PBXBuildFile; fileRef = 377D38D8201484D6008A36CC /* Model.swift */; };
		377D38DC20148992008A36CC /* SignUpViewController.swift in Sources */ = {isa = PBXBuildFile; fileRef = 377D38DB20148992008A36CC /* SignUpViewController.swift */; };
		377D38DE201489A9008A36CC /* SignInViewController.swift in Sources */ = {isa = PBXBuildFile; fileRef = 377D38DD201489A9008A36CC /* SignInViewController.swift */; };
		379728B9201539B10045EB61 /* CommonAPI.swift in Sources */ = {isa = PBXBuildFile; fileRef = 379728B8201539B10045EB61 /* CommonAPI.swift */; };
		379728BB201545030045EB61 /* MoviesViewController.swift in Sources */ = {isa = PBXBuildFile; fileRef = 379728BA201545030045EB61 /* MoviesViewController.swift */; };
		379728BE201546370045EB61 /* 1.jpg in Resources */ = {isa = PBXBuildFile; fileRef = 379728BD201546370045EB61 /* 1.jpg */; };
		37CF06E62019039600E99129 /* MovieDetailViewController.swift in Sources */ = {isa = PBXBuildFile; fileRef = 37CF06E52019039600E99129 /* MovieDetailViewController.swift */; };
		747DA20B1392E0EFCC94895C /* Pods_FiNote.framework in Frameworks */ = {isa = PBXBuildFile; fileRef = 1F9B3ACA4F672A8807D425EC /* Pods_FiNote.framework */; };
/* End PBXBuildFile section */

/* Begin PBXFileReference section */
		1F9B3ACA4F672A8807D425EC /* Pods_FiNote.framework */ = {isa = PBXFileReference; explicitFileType = wrapper.framework; includeInIndex = 0; path = Pods_FiNote.framework; sourceTree = BUILT_PRODUCTS_DIR; };
		30DD223F71E3BE17917D7C0F /* Pods-FiNote.debug.xcconfig */ = {isa = PBXFileReference; includeInIndex = 1; lastKnownFileType = text.xcconfig; name = "Pods-FiNote.debug.xcconfig"; path = "Pods/Target Support Files/Pods-FiNote/Pods-FiNote.debug.xcconfig"; sourceTree = "<group>"; };
		33A5E5BB6CFE9A0C87249A88 /* Pods-FiNote.release.xcconfig */ = {isa = PBXFileReference; includeInIndex = 1; lastKnownFileType = text.xcconfig; name = "Pods-FiNote.release.xcconfig"; path = "Pods/Target Support Files/Pods-FiNote/Pods-FiNote.release.xcconfig"; sourceTree = "<group>"; };
		371D1F4A2018F39100977971 /* MoviesCell.swift */ = {isa = PBXFileReference; lastKnownFileType = sourcecode.swift; path = MoviesCell.swift; sourceTree = "<group>"; };
		3733676C201B0EB300AFE5E6 /* MovieInfoViewController.swift */ = {isa = PBXFileReference; lastKnownFileType = sourcecode.swift; path = MovieInfoViewController.swift; sourceTree = "<group>"; };
		37349E2D20151EBA00A37D2D /* API.swift */ = {isa = PBXFileReference; lastKnownFileType = sourcecode.swift; path = API.swift; sourceTree = "<group>"; };
		374D67852011EAF300706D4F /* FiNote.app */ = {isa = PBXFileReference; explicitFileType = wrapper.application; includeInIndex = 0; path = FiNote.app; sourceTree = BUILT_PRODUCTS_DIR; };
		374D67882011EAF300706D4F /* AppDelegate.swift */ = {isa = PBXFileReference; lastKnownFileType = sourcecode.swift; path = AppDelegate.swift; sourceTree = "<group>"; };
		374D678C2011EAF300706D4F /* SecondViewController.swift */ = {isa = PBXFileReference; lastKnownFileType = sourcecode.swift; path = SecondViewController.swift; sourceTree = "<group>"; };
		374D678F2011EAF300706D4F /* Base */ = {isa = PBXFileReference; lastKnownFileType = file.storyboard; name = Base; path = Base.lproj/Main.storyboard; sourceTree = "<group>"; };
		374D67912011EAF300706D4F /* Assets.xcassets */ = {isa = PBXFileReference; lastKnownFileType = folder.assetcatalog; path = Assets.xcassets; sourceTree = "<group>"; };
		374D67942011EAF300706D4F /* Base */ = {isa = PBXFileReference; lastKnownFileType = file.storyboard; name = Base; path = Base.lproj/LaunchScreen.storyboard; sourceTree = "<group>"; };
		374D67962011EAF300706D4F /* Info.plist */ = {isa = PBXFileReference; lastKnownFileType = text.plist.xml; path = Info.plist; sourceTree = "<group>"; };
		3760316D2014809C00E69674 /* Setting.swift */ = {isa = PBXFileReference; lastKnownFileType = sourcecode.swift; path = Setting.swift; sourceTree = "<group>"; };
		3760316F2014816000E69674 /* Design.swift */ = {isa = PBXFileReference; lastKnownFileType = sourcecode.swift; path = Design.swift; sourceTree = "<group>"; };
		376031712014820800E69674 /* Extensions.swift */ = {isa = PBXFileReference; lastKnownFileType = sourcecode.swift; path = Extensions.swift; sourceTree = "<group>"; };
		376031732014824E00E69674 /* Utility.swift */ = {isa = PBXFileReference; lastKnownFileType = sourcecode.swift; path = Utility.swift; sourceTree = "<group>"; };
		377D38D8201484D6008A36CC /* Model.swift */ = {isa = PBXFileReference; lastKnownFileType = sourcecode.swift; path = Model.swift; sourceTree = "<group>"; };
		377D38DB20148992008A36CC /* SignUpViewController.swift */ = {isa = PBXFileReference; lastKnownFileType = sourcecode.swift; path = SignUpViewController.swift; sourceTree = "<group>"; };
		377D38DD201489A9008A36CC /* SignInViewController.swift */ = {isa = PBXFileReference; lastKnownFileType = sourcecode.swift; path = SignInViewController.swift; sourceTree = "<group>"; };
		378705AD201643AB0044B6B7 /* ja */ = {isa = PBXFileReference; lastKnownFileType = text.plist.strings; name = ja; path = ja.lproj/Main.strings; sourceTree = "<group>"; };
		378705AE201643AB0044B6B7 /* ja */ = {isa = PBXFileReference; lastKnownFileType = text.plist.strings; name = ja; path = ja.lproj/LaunchScreen.strings; sourceTree = "<group>"; };
		379728B8201539B10045EB61 /* CommonAPI.swift */ = {isa = PBXFileReference; lastKnownFileType = sourcecode.swift; path = CommonAPI.swift; sourceTree = "<group>"; };
		379728BA201545030045EB61 /* MoviesViewController.swift */ = {isa = PBXFileReference; lastKnownFileType = sourcecode.swift; path = MoviesViewController.swift; sourceTree = "<group>"; };
		379728BD201546370045EB61 /* 1.jpg */ = {isa = PBXFileReference; lastKnownFileType = image.jpeg; path = 1.jpg; sourceTree = "<group>"; };
		37CF06E52019039600E99129 /* MovieDetailViewController.swift */ = {isa = PBXFileReference; lastKnownFileType = sourcecode.swift; path = MovieDetailViewController.swift; sourceTree = "<group>"; };
/* End PBXFileReference section */

/* Begin PBXFrameworksBuildPhase section */
		374D67822011EAF300706D4F /* Frameworks */ = {
			isa = PBXFrameworksBuildPhase;
			buildActionMask = 2147483647;
			files = (
				747DA20B1392E0EFCC94895C /* Pods_FiNote.framework in Frameworks */,
			);
			runOnlyForDeploymentPostprocessing = 0;
		};
/* End PBXFrameworksBuildPhase section */

/* Begin PBXGroup section */
		374D677C2011EAF300706D4F = {
			isa = PBXGroup;
			children = (
				374D67872011EAF300706D4F /* FiNote */,
				374D67862011EAF300706D4F /* Products */,
				FD2C1B8A4A941A4AF8D620B9 /* Pods */,
				983CCFB0FE4EB9DDF7B89ADA /* Frameworks */,
			);
			sourceTree = "<group>";
		};
		374D67862011EAF300706D4F /* Products */ = {
			isa = PBXGroup;
			children = (
				374D67852011EAF300706D4F /* FiNote.app */,
			);
			name = Products;
			sourceTree = "<group>";
		};
		374D67872011EAF300706D4F /* FiNote */ = {
			isa = PBXGroup;
			children = (
				379728BC201545FF0045EB61 /* sample_img */,
				377D38DA20148963008A36CC /* Sign */,
				3760316C2014804D00E69674 /* Social */,
				3760316B2014804800E69674 /* User */,
				3760316A2014803C00E69674 /* Movie */,
				376031692014800A00E69674 /* Setting */,
				374D67882011EAF300706D4F /* AppDelegate.swift */,
				374D678C2011EAF300706D4F /* SecondViewController.swift */,
				374D678E2011EAF300706D4F /* Main.storyboard */,
				374D67912011EAF300706D4F /* Assets.xcassets */,
				374D67932011EAF300706D4F /* LaunchScreen.storyboard */,
				374D67962011EAF300706D4F /* Info.plist */,
				376031712014820800E69674 /* Extensions.swift */,
				376031732014824E00E69674 /* Utility.swift */,
				377D38D8201484D6008A36CC /* Model.swift */,
			);
			path = FiNote;
			sourceTree = "<group>";
		};
		376031692014800A00E69674 /* Setting */ = {
			isa = PBXGroup;
			children = (
				3760316D2014809C00E69674 /* Setting.swift */,
				3760316F2014816000E69674 /* Design.swift */,
				37349E2D20151EBA00A37D2D /* API.swift */,
			);
			path = Setting;
			sourceTree = "<group>";
		};
		3760316A2014803C00E69674 /* Movie */ = {
			isa = PBXGroup;
			children = (
				379728BA201545030045EB61 /* MoviesViewController.swift */,
				371D1F4A2018F39100977971 /* MoviesCell.swift */,
				37CF06E52019039600E99129 /* MovieDetailViewController.swift */,
				3733676C201B0EB300AFE5E6 /* MovieInfoViewController.swift */,
			);
			path = Movie;
			sourceTree = "<group>";
		};
		3760316B2014804800E69674 /* User */ = {
			isa = PBXGroup;
			children = (
			);
			path = User;
			sourceTree = "<group>";
		};
		3760316C2014804D00E69674 /* Social */ = {
			isa = PBXGroup;
			children = (
			);
			path = Social;
			sourceTree = "<group>";
		};
		377D38DA20148963008A36CC /* Sign */ = {
			isa = PBXGroup;
			children = (
				377D38DB20148992008A36CC /* SignUpViewController.swift */,
				377D38DD201489A9008A36CC /* SignInViewController.swift */,
				379728B8201539B10045EB61 /* CommonAPI.swift */,
			);
			path = Sign;
			sourceTree = "<group>";
		};
		379728BC201545FF0045EB61 /* sample_img */ = {
			isa = PBXGroup;
			children = (
				379728BD201546370045EB61 /* 1.jpg */,
			);
			path = sample_img;
			sourceTree = "<group>";
		};
		983CCFB0FE4EB9DDF7B89ADA /* Frameworks */ = {
			isa = PBXGroup;
			children = (
				1F9B3ACA4F672A8807D425EC /* Pods_FiNote.framework */,
			);
			name = Frameworks;
			sourceTree = "<group>";
		};
		FD2C1B8A4A941A4AF8D620B9 /* Pods */ = {
			isa = PBXGroup;
			children = (
				30DD223F71E3BE17917D7C0F /* Pods-FiNote.debug.xcconfig */,
				33A5E5BB6CFE9A0C87249A88 /* Pods-FiNote.release.xcconfig */,
			);
			name = Pods;
			sourceTree = "<group>";
		};
/* End PBXGroup section */

/* Begin PBXNativeTarget section */
		374D67842011EAF300706D4F /* FiNote */ = {
			isa = PBXNativeTarget;
			buildConfigurationList = 374D67992011EAF300706D4F /* Build configuration list for PBXNativeTarget "FiNote" */;
			buildPhases = (
				1EE9C6129AD6AFE5352FB38F /* [CP] Check Pods Manifest.lock */,
				374D67812011EAF300706D4F /* Sources */,
				374D67822011EAF300706D4F /* Frameworks */,
				374D67832011EAF300706D4F /* Resources */,
				490624C15F55384F0B17E95A /* [CP] Embed Pods Frameworks */,
				286C817B4DF4798D666BE00A /* [CP] Copy Pods Resources */,
			);
			buildRules = (
			);
			dependencies = (
			);
			name = FiNote;
			productName = FiNote;
			productReference = 374D67852011EAF300706D4F /* FiNote.app */;
			productType = "com.apple.product-type.application";
		};
/* End PBXNativeTarget section */

/* Begin PBXProject section */
		374D677D2011EAF300706D4F /* Project object */ = {
			isa = PBXProject;
			attributes = {
				LastSwiftUpdateCheck = 0920;
				LastUpgradeCheck = 0920;
				ORGANIZATIONNAME = Kenta;
				TargetAttributes = {
					374D67842011EAF300706D4F = {
						CreatedOnToolsVersion = 9.2;
						ProvisioningStyle = Automatic;
					};
				};
			};
			buildConfigurationList = 374D67802011EAF300706D4F /* Build configuration list for PBXProject "FiNote" */;
			compatibilityVersion = "Xcode 8.0";
			developmentRegion = en;
			hasScannedForEncodings = 0;
			knownRegions = (
				en,
				Base,
			);
			mainGroup = 374D677C2011EAF300706D4F;
			productRefGroup = 374D67862011EAF300706D4F /* Products */;
			projectDirPath = "";
			projectRoot = "";
			targets = (
				374D67842011EAF300706D4F /* FiNote */,
			);
		};
/* End PBXProject section */

/* Begin PBXResourcesBuildPhase section */
		374D67832011EAF300706D4F /* Resources */ = {
			isa = PBXResourcesBuildPhase;
			buildActionMask = 2147483647;
			files = (
				374D67952011EAF300706D4F /* LaunchScreen.storyboard in Resources */,
				379728BE201546370045EB61 /* 1.jpg in Resources */,
				374D67922011EAF300706D4F /* Assets.xcassets in Resources */,
				374D67902011EAF300706D4F /* Main.storyboard in Resources */,
			);
			runOnlyForDeploymentPostprocessing = 0;
		};
/* End PBXResourcesBuildPhase section */

/* Begin PBXShellScriptBuildPhase section */
		1EE9C6129AD6AFE5352FB38F /* [CP] Check Pods Manifest.lock */ = {
			isa = PBXShellScriptBuildPhase;
			buildActionMask = 2147483647;
			files = (
			);
			inputPaths = (
				"${PODS_PODFILE_DIR_PATH}/Podfile.lock",
				"${PODS_ROOT}/Manifest.lock",
			);
			name = "[CP] Check Pods Manifest.lock";
			outputPaths = (
				"$(DERIVED_FILE_DIR)/Pods-FiNote-checkManifestLockResult.txt",
			);
			runOnlyForDeploymentPostprocessing = 0;
			shellPath = /bin/sh;
			shellScript = "diff \"${PODS_PODFILE_DIR_PATH}/Podfile.lock\" \"${PODS_ROOT}/Manifest.lock\" > /dev/null\nif [ $? != 0 ] ; then\n    # print error to STDERR\n    echo \"error: The sandbox is not in sync with the Podfile.lock. Run 'pod install' or update your CocoaPods installation.\" >&2\n    exit 1\nfi\n# This output is used by Xcode 'outputs' to avoid re-running this script phase.\necho \"SUCCESS\" > \"${SCRIPT_OUTPUT_FILE_0}\"\n";
			showEnvVarsInLog = 0;
		};
		286C817B4DF4798D666BE00A /* [CP] Copy Pods Resources */ = {
			isa = PBXShellScriptBuildPhase;
			buildActionMask = 2147483647;
			files = (
			);
			inputPaths = (
			);
			name = "[CP] Copy Pods Resources";
			outputPaths = (
			);
			runOnlyForDeploymentPostprocessing = 0;
			shellPath = /bin/sh;
			shellScript = "\"${SRCROOT}/Pods/Target Support Files/Pods-FiNote/Pods-FiNote-resources.sh\"\n";
			showEnvVarsInLog = 0;
		};
		490624C15F55384F0B17E95A /* [CP] Embed Pods Frameworks */ = {
			isa = PBXShellScriptBuildPhase;
			buildActionMask = 2147483647;
			files = (
			);
			inputPaths = (
				"${SRCROOT}/Pods/Target Support Files/Pods-FiNote/Pods-FiNote-frameworks.sh",
				"${BUILT_PRODUCTS_DIR}/Alamofire/Alamofire.framework",
				"${BUILT_PRODUCTS_DIR}/AlamofireImage/AlamofireImage.framework",
				"${BUILT_PRODUCTS_DIR}/Eureka/Eureka.framework",
				"${BUILT_PRODUCTS_DIR}/Floaty/Floaty.framework",
				"${BUILT_PRODUCTS_DIR}/KeychainAccess/KeychainAccess.framework",
				"${BUILT_PRODUCTS_DIR}/NVActivityIndicatorView/NVActivityIndicatorView.framework",
				"${BUILT_PRODUCTS_DIR}/PopupDialog/PopupDialog.framework",
				"${BUILT_PRODUCTS_DIR}/StatusProvider/StatusProvider.framework",
				"${BUILT_PRODUCTS_DIR}/SwiftyJSON/SwiftyJSON.framework",
				"${BUILT_PRODUCTS_DIR}/TinyConstraints/TinyConstraints.framework",
			);
			name = "[CP] Embed Pods Frameworks";
			outputPaths = (
				"${TARGET_BUILD_DIR}/${FRAMEWORKS_FOLDER_PATH}/Alamofire.framework",
				"${TARGET_BUILD_DIR}/${FRAMEWORKS_FOLDER_PATH}/AlamofireImage.framework",
				"${TARGET_BUILD_DIR}/${FRAMEWORKS_FOLDER_PATH}/Eureka.framework",
				"${TARGET_BUILD_DIR}/${FRAMEWORKS_FOLDER_PATH}/Floaty.framework",
				"${TARGET_BUILD_DIR}/${FRAMEWORKS_FOLDER_PATH}/KeychainAccess.framework",
				"${TARGET_BUILD_DIR}/${FRAMEWORKS_FOLDER_PATH}/NVActivityIndicatorView.framework",
				"${TARGET_BUILD_DIR}/${FRAMEWORKS_FOLDER_PATH}/PopupDialog.framework",
				"${TARGET_BUILD_DIR}/${FRAMEWORKS_FOLDER_PATH}/StatusProvider.framework",
				"${TARGET_BUILD_DIR}/${FRAMEWORKS_FOLDER_PATH}/SwiftyJSON.framework",
				"${TARGET_BUILD_DIR}/${FRAMEWORKS_FOLDER_PATH}/TinyConstraints.framework",
			);
			runOnlyForDeploymentPostprocessing = 0;
			shellPath = /bin/sh;
			shellScript = "\"${SRCROOT}/Pods/Target Support Files/Pods-FiNote/Pods-FiNote-frameworks.sh\"\n";
			showEnvVarsInLog = 0;
		};
/* End PBXShellScriptBuildPhase section */

/* Begin PBXSourcesBuildPhase section */
		374D67812011EAF300706D4F /* Sources */ = {
			isa = PBXSourcesBuildPhase;
			buildActionMask = 2147483647;
			files = (
				376031742014824E00E69674 /* Utility.swift in Sources */,
				374D678D2011EAF300706D4F /* SecondViewController.swift in Sources */,
				376031722014820800E69674 /* Extensions.swift in Sources */,
				371D1F4B2018F39100977971 /* MoviesCell.swift in Sources */,
				37CF06E62019039600E99129 /* MovieDetailViewController.swift in Sources */,
				374D67892011EAF300706D4F /* AppDelegate.swift in Sources */,
				379728B9201539B10045EB61 /* CommonAPI.swift in Sources */,
				37349E2E20151EBA00A37D2D /* API.swift in Sources */,
				3760316E2014809D00E69674 /* Setting.swift in Sources */,
				377D38DC20148992008A36CC /* SignUpViewController.swift in Sources */,
				376031702014816000E69674 /* Design.swift in Sources */,
				3733676D201B0EB300AFE5E6 /* MovieInfoViewController.swift in Sources */,
				377D38DE201489A9008A36CC /* SignInViewController.swift in Sources */,
				377D38D9201484D6008A36CC /* Model.swift in Sources */,
				379728BB201545030045EB61 /* MoviesViewController.swift in Sources */,
			);
			runOnlyForDeploymentPostprocessing = 0;
		};
/* End PBXSourcesBuildPhase section */

/* Begin PBXVariantGroup section */
		374D678E2011EAF300706D4F /* Main.storyboard */ = {
			isa = PBXVariantGroup;
			children = (
				374D678F2011EAF300706D4F /* Base */,
				378705AD201643AB0044B6B7 /* ja */,
			);
			name = Main.storyboard;
			sourceTree = "<group>";
		};
		374D67932011EAF300706D4F /* LaunchScreen.storyboard */ = {
			isa = PBXVariantGroup;
			children = (
				374D67942011EAF300706D4F /* Base */,
				378705AE201643AB0044B6B7 /* ja */,
			);
			name = LaunchScreen.storyboard;
			sourceTree = "<group>";
		};
/* End PBXVariantGroup section */

/* Begin XCBuildConfiguration section */
		374D67972011EAF300706D4F /* Debug */ = {
			isa = XCBuildConfiguration;
			buildSettings = {
				ALWAYS_SEARCH_USER_PATHS = NO;
				CLANG_ANALYZER_LOCALIZABILITY_NONLOCALIZED = YES;
				CLANG_ANALYZER_NONNULL = YES;
				CLANG_ANALYZER_NUMBER_OBJECT_CONVERSION = YES_AGGRESSIVE;
				CLANG_CXX_LANGUAGE_STANDARD = "gnu++14";
				CLANG_CXX_LIBRARY = "libc++";
				CLANG_ENABLE_MODULES = YES;
				CLANG_ENABLE_OBJC_ARC = YES;
				CLANG_WARN_BLOCK_CAPTURE_AUTORELEASING = YES;
				CLANG_WARN_BOOL_CONVERSION = YES;
				CLANG_WARN_COMMA = YES;
				CLANG_WARN_CONSTANT_CONVERSION = YES;
				CLANG_WARN_DIRECT_OBJC_ISA_USAGE = YES_ERROR;
				CLANG_WARN_DOCUMENTATION_COMMENTS = YES;
				CLANG_WARN_EMPTY_BODY = YES;
				CLANG_WARN_ENUM_CONVERSION = YES;
				CLANG_WARN_INFINITE_RECURSION = YES;
				CLANG_WARN_INT_CONVERSION = YES;
				CLANG_WARN_NON_LITERAL_NULL_CONVERSION = YES;
				CLANG_WARN_OBJC_LITERAL_CONVERSION = YES;
				CLANG_WARN_OBJC_ROOT_CLASS = YES_ERROR;
				CLANG_WARN_RANGE_LOOP_ANALYSIS = YES;
				CLANG_WARN_STRICT_PROTOTYPES = YES;
				CLANG_WARN_SUSPICIOUS_MOVE = YES;
				CLANG_WARN_UNGUARDED_AVAILABILITY = YES_AGGRESSIVE;
				CLANG_WARN_UNREACHABLE_CODE = YES;
				CLANG_WARN__DUPLICATE_METHOD_MATCH = YES;
				CODE_SIGN_IDENTITY = "iPhone Developer";
				COPY_PHASE_STRIP = NO;
				DEBUG_INFORMATION_FORMAT = dwarf;
				ENABLE_STRICT_OBJC_MSGSEND = YES;
				ENABLE_TESTABILITY = YES;
				GCC_C_LANGUAGE_STANDARD = gnu11;
				GCC_DYNAMIC_NO_PIC = NO;
				GCC_NO_COMMON_BLOCKS = YES;
				GCC_OPTIMIZATION_LEVEL = 0;
				GCC_PREPROCESSOR_DEFINITIONS = (
					"DEBUG=1",
					"$(inherited)",
				);
				GCC_WARN_64_TO_32_BIT_CONVERSION = YES;
				GCC_WARN_ABOUT_RETURN_TYPE = YES_ERROR;
				GCC_WARN_UNDECLARED_SELECTOR = YES;
				GCC_WARN_UNINITIALIZED_AUTOS = YES_AGGRESSIVE;
				GCC_WARN_UNUSED_FUNCTION = YES;
				GCC_WARN_UNUSED_VARIABLE = YES;
				IPHONEOS_DEPLOYMENT_TARGET = 11.2;
				MTL_ENABLE_DEBUG_INFO = YES;
				ONLY_ACTIVE_ARCH = YES;
				SDKROOT = iphoneos;
				SWIFT_ACTIVE_COMPILATION_CONDITIONS = DEBUG;
				SWIFT_OPTIMIZATION_LEVEL = "-Onone";
			};
			name = Debug;
		};
		374D67982011EAF300706D4F /* Release */ = {
			isa = XCBuildConfiguration;
			buildSettings = {
				ALWAYS_SEARCH_USER_PATHS = NO;
				CLANG_ANALYZER_LOCALIZABILITY_NONLOCALIZED = YES;
				CLANG_ANALYZER_NONNULL = YES;
				CLANG_ANALYZER_NUMBER_OBJECT_CONVERSION = YES_AGGRESSIVE;
				CLANG_CXX_LANGUAGE_STANDARD = "gnu++14";
				CLANG_CXX_LIBRARY = "libc++";
				CLANG_ENABLE_MODULES = YES;
				CLANG_ENABLE_OBJC_ARC = YES;
				CLANG_WARN_BLOCK_CAPTURE_AUTORELEASING = YES;
				CLANG_WARN_BOOL_CONVERSION = YES;
				CLANG_WARN_COMMA = YES;
				CLANG_WARN_CONSTANT_CONVERSION = YES;
				CLANG_WARN_DIRECT_OBJC_ISA_USAGE = YES_ERROR;
				CLANG_WARN_DOCUMENTATION_COMMENTS = YES;
				CLANG_WARN_EMPTY_BODY = YES;
				CLANG_WARN_ENUM_CONVERSION = YES;
				CLANG_WARN_INFINITE_RECURSION = YES;
				CLANG_WARN_INT_CONVERSION = YES;
				CLANG_WARN_NON_LITERAL_NULL_CONVERSION = YES;
				CLANG_WARN_OBJC_LITERAL_CONVERSION = YES;
				CLANG_WARN_OBJC_ROOT_CLASS = YES_ERROR;
				CLANG_WARN_RANGE_LOOP_ANALYSIS = YES;
				CLANG_WARN_STRICT_PROTOTYPES = YES;
				CLANG_WARN_SUSPICIOUS_MOVE = YES;
				CLANG_WARN_UNGUARDED_AVAILABILITY = YES_AGGRESSIVE;
				CLANG_WARN_UNREACHABLE_CODE = YES;
				CLANG_WARN__DUPLICATE_METHOD_MATCH = YES;
				CODE_SIGN_IDENTITY = "iPhone Developer";
				COPY_PHASE_STRIP = NO;
				DEBUG_INFORMATION_FORMAT = "dwarf-with-dsym";
				ENABLE_NS_ASSERTIONS = NO;
				ENABLE_STRICT_OBJC_MSGSEND = YES;
				GCC_C_LANGUAGE_STANDARD = gnu11;
				GCC_NO_COMMON_BLOCKS = YES;
				GCC_WARN_64_TO_32_BIT_CONVERSION = YES;
				GCC_WARN_ABOUT_RETURN_TYPE = YES_ERROR;
				GCC_WARN_UNDECLARED_SELECTOR = YES;
				GCC_WARN_UNINITIALIZED_AUTOS = YES_AGGRESSIVE;
				GCC_WARN_UNUSED_FUNCTION = YES;
				GCC_WARN_UNUSED_VARIABLE = YES;
				IPHONEOS_DEPLOYMENT_TARGET = 11.2;
				MTL_ENABLE_DEBUG_INFO = NO;
				SDKROOT = iphoneos;
				SWIFT_OPTIMIZATION_LEVEL = "-Owholemodule";
				VALIDATE_PRODUCT = YES;
			};
			name = Release;
		};
		374D679A2011EAF300706D4F /* Debug */ = {
			isa = XCBuildConfiguration;
			baseConfigurationReference = 30DD223F71E3BE17917D7C0F /* Pods-FiNote.debug.xcconfig */;
			buildSettings = {
				ASSETCATALOG_COMPILER_APPICON_NAME = AppIcon;
				CODE_SIGN_STYLE = Automatic;
				DEVELOPMENT_TEAM = TLVYAZUQZL;
				INFOPLIST_FILE = FiNote/Info.plist;
				LD_RUNPATH_SEARCH_PATHS = "$(inherited) @executable_path/Frameworks";
				PRODUCT_BUNDLE_IDENTIFIER = com.Kenta.FiNote;
				PRODUCT_NAME = "$(TARGET_NAME)";
				SWIFT_VERSION = 3.0;
				TARGETED_DEVICE_FAMILY = 1;
			};
			name = Debug;
		};
		374D679B2011EAF300706D4F /* Release */ = {
			isa = XCBuildConfiguration;
			baseConfigurationReference = 33A5E5BB6CFE9A0C87249A88 /* Pods-FiNote.release.xcconfig */;
			buildSettings = {
				ASSETCATALOG_COMPILER_APPICON_NAME = AppIcon;
				CODE_SIGN_STYLE = Automatic;
				DEVELOPMENT_TEAM = TLVYAZUQZL;
				INFOPLIST_FILE = FiNote/Info.plist;
				LD_RUNPATH_SEARCH_PATHS = "$(inherited) @executable_path/Frameworks";
				PRODUCT_BUNDLE_IDENTIFIER = com.Kenta.FiNote;
				PRODUCT_NAME = "$(TARGET_NAME)";
				SWIFT_VERSION = 3.0;
				TARGETED_DEVICE_FAMILY = 1;
			};
			name = Release;
		};
/* End XCBuildConfiguration section */

/* Begin XCConfigurationList section */
		374D67802011EAF300706D4F /* Build configuration list for PBXProject "FiNote" */ = {
			isa = XCConfigurationList;
			buildConfigurations = (
				374D67972011EAF300706D4F /* Debug */,
				374D67982011EAF300706D4F /* Release */,
			);
			defaultConfigurationIsVisible = 0;
			defaultConfigurationName = Release;
		};
		374D67992011EAF300706D4F /* Build configuration list for PBXNativeTarget "FiNote" */ = {
			isa = XCConfigurationList;
			buildConfigurations = (
				374D679A2011EAF300706D4F /* Debug */,
				374D679B2011EAF300706D4F /* Release */,
			);
			defaultConfigurationIsVisible = 0;
			defaultConfigurationName = Release;
		};
/* End XCConfigurationList section */
	};
	rootObject = 374D677D2011EAF300706D4F /* Project object */;
}
