// !$*UTF8*$!
{
	archiveVersion = 1;
	classes = {
	};
	objectVersion = 46;
	objects = {

/* Begin PBXBuildFile section */
		3754962B1C88867E00356802 /* AppDelegate.swift in Sources */ = {isa = PBXBuildFile; fileRef = 3754962A1C88867E00356802 /* AppDelegate.swift */; };
		3754962D1C88867E00356802 /* ViewController.swift in Sources */ = {isa = PBXBuildFile; fileRef = 3754962C1C88867E00356802 /* ViewController.swift */; };
		375496301C88867E00356802 /* Main.storyboard in Resources */ = {isa = PBXBuildFile; fileRef = 3754962E1C88867E00356802 /* Main.storyboard */; };
		375496321C88867E00356802 /* Assets.xcassets in Resources */ = {isa = PBXBuildFile; fileRef = 375496311C88867E00356802 /* Assets.xcassets */; };
		375496351C88867F00356802 /* LaunchScreen.storyboard in Resources */ = {isa = PBXBuildFile; fileRef = 375496331C88867F00356802 /* LaunchScreen.storyboard */; };
/* End PBXBuildFile section */

/* Begin PBXFileReference section */
		375496271C88867E00356802 /* FNAM.app */ = {isa = PBXFileReference; explicitFileType = wrapper.application; includeInIndex = 0; path = FNAM.app; sourceTree = BUILT_PRODUCTS_DIR; };
		3754962A1C88867E00356802 /* AppDelegate.swift */ = {isa = PBXFileReference; lastKnownFileType = sourcecode.swift; path = AppDelegate.swift; sourceTree = "<group>"; };
		3754962C1C88867E00356802 /* ViewController.swift */ = {isa = PBXFileReference; lastKnownFileType = sourcecode.swift; path = ViewController.swift; sourceTree = "<group>"; };
		3754962F1C88867E00356802 /* Base */ = {isa = PBXFileReference; lastKnownFileType = file.storyboard; name = Base; path = Base.lproj/Main.storyboard; sourceTree = "<group>"; };
		375496311C88867E00356802 /* Assets.xcassets */ = {isa = PBXFileReference; lastKnownFileType = folder.assetcatalog; path = Assets.xcassets; sourceTree = "<group>"; };
		375496341C88867F00356802 /* Base */ = {isa = PBXFileReference; lastKnownFileType = file.storyboard; name = Base; path = Base.lproj/LaunchScreen.storyboard; sourceTree = "<group>"; };
		375496361C88867F00356802 /* Info.plist */ = {isa = PBXFileReference; lastKnownFileType = text.plist.xml; path = Info.plist; sourceTree = "<group>"; };
/* End PBXFileReference section */

/* Begin PBXFrameworksBuildPhase section */
		375496241C88867E00356802 /* Frameworks */ = {
			isa = PBXFrameworksBuildPhase;
			buildActionMask = 2147483647;
			files = (
			);
			runOnlyForDeploymentPostprocessing = 0;
		};
/* End PBXFrameworksBuildPhase section */

/* Begin PBXGroup section */
		3754961E1C88867E00356802 = {
			isa = PBXGroup;
			children = (
				375496291C88867E00356802 /* FNAM */,
				375496281C88867E00356802 /* Products */,
			);
			sourceTree = "<group>";
		};
		375496281C88867E00356802 /* Products */ = {
			isa = PBXGroup;
			children = (
				375496271C88867E00356802 /* FNAM.app */,
			);
			name = Products;
			sourceTree = "<group>";
		};
		375496291C88867E00356802 /* FNAM */ = {
			isa = PBXGroup;
			children = (
				3754962A1C88867E00356802 /* AppDelegate.swift */,
				3754962C1C88867E00356802 /* ViewController.swift */,
				3754962E1C88867E00356802 /* Main.storyboard */,
				375496311C88867E00356802 /* Assets.xcassets */,
				375496331C88867F00356802 /* LaunchScreen.storyboard */,
				375496361C88867F00356802 /* Info.plist */,
			);
			path = FNAM;
			sourceTree = "<group>";
		};
/* End PBXGroup section */

/* Begin PBXNativeTarget section */
		375496261C88867E00356802 /* FNAM */ = {
			isa = PBXNativeTarget;
			buildConfigurationList = 375496391C88867F00356802 /* Build configuration list for PBXNativeTarget "FNAM" */;
			buildPhases = (
				375496231C88867E00356802 /* Sources */,
				375496241C88867E00356802 /* Frameworks */,
				375496251C88867E00356802 /* Resources */,
			);
			buildRules = (
			);
			dependencies = (
			);
			name = FNAM;
			productName = FNAM;
			productReference = 375496271C88867E00356802 /* FNAM.app */;
			productType = "com.apple.product-type.application";
		};
/* End PBXNativeTarget section */

/* Begin PBXProject section */
		3754961F1C88867E00356802 /* Project object */ = {
			isa = PBXProject;
			attributes = {
				LastSwiftUpdateCheck = 0720;
				LastUpgradeCheck = 0720;
				ORGANIZATIONNAME = Kenta;
				TargetAttributes = {
					375496261C88867E00356802 = {
						CreatedOnToolsVersion = 7.2.1;
						DevelopmentTeam = TLVYAZUQZL;
					};
				};
			};
			buildConfigurationList = 375496221C88867E00356802 /* Build configuration list for PBXProject "FNAM" */;
			compatibilityVersion = "Xcode 3.2";
			developmentRegion = English;
			hasScannedForEncodings = 0;
			knownRegions = (
				en,
				Base,
			);
			mainGroup = 3754961E1C88867E00356802;
			productRefGroup = 375496281C88867E00356802 /* Products */;
			projectDirPath = "";
			projectRoot = "";
			targets = (
				375496261C88867E00356802 /* FNAM */,
			);
		};
/* End PBXProject section */

/* Begin PBXResourcesBuildPhase section */
		375496251C88867E00356802 /* Resources */ = {
			isa = PBXResourcesBuildPhase;
			buildActionMask = 2147483647;
			files = (
				375496351C88867F00356802 /* LaunchScreen.storyboard in Resources */,
				375496321C88867E00356802 /* Assets.xcassets in Resources */,
				375496301C88867E00356802 /* Main.storyboard in Resources */,
			);
			runOnlyForDeploymentPostprocessing = 0;
		};
/* End PBXResourcesBuildPhase section */

/* Begin PBXSourcesBuildPhase section */
		375496231C88867E00356802 /* Sources */ = {
			isa = PBXSourcesBuildPhase;
			buildActionMask = 2147483647;
			files = (
				3754962D1C88867E00356802 /* ViewController.swift in Sources */,
				3754962B1C88867E00356802 /* AppDelegate.swift in Sources */,
			);
			runOnlyForDeploymentPostprocessing = 0;
		};
/* End PBXSourcesBuildPhase section */

/* Begin PBXVariantGroup section */
		3754962E1C88867E00356802 /* Main.storyboard */ = {
			isa = PBXVariantGroup;
			children = (
				3754962F1C88867E00356802 /* Base */,
			);
			name = Main.storyboard;
			sourceTree = "<group>";
		};
		375496331C88867F00356802 /* LaunchScreen.storyboard */ = {
			isa = PBXVariantGroup;
			children = (
				375496341C88867F00356802 /* Base */,
			);
			name = LaunchScreen.storyboard;
			sourceTree = "<group>";
		};
/* End PBXVariantGroup section */

/* Begin XCBuildConfiguration section */
		375496371C88867F00356802 /* Debug */ = {
			isa = XCBuildConfiguration;
			buildSettings = {
				ALWAYS_SEARCH_USER_PATHS = NO;
				CLANG_CXX_LANGUAGE_STANDARD = "gnu++0x";
				CLANG_CXX_LIBRARY = "libc++";
				CLANG_ENABLE_MODULES = YES;
				CLANG_ENABLE_OBJC_ARC = YES;
				CLANG_WARN_BOOL_CONVERSION = YES;
				CLANG_WARN_CONSTANT_CONVERSION = YES;
				CLANG_WARN_DIRECT_OBJC_ISA_USAGE = YES_ERROR;
				CLANG_WARN_EMPTY_BODY = YES;
				CLANG_WARN_ENUM_CONVERSION = YES;
				CLANG_WARN_INT_CONVERSION = YES;
				CLANG_WARN_OBJC_ROOT_CLASS = YES_ERROR;
				CLANG_WARN_UNREACHABLE_CODE = YES;
				CLANG_WARN__DUPLICATE_METHOD_MATCH = YES;
				"CODE_SIGN_IDENTITY[sdk=iphoneos*]" = "iPhone Developer";
				COPY_PHASE_STRIP = NO;
				DEBUG_INFORMATION_FORMAT = dwarf;
				ENABLE_STRICT_OBJC_MSGSEND = YES;
				ENABLE_TESTABILITY = YES;
				GCC_C_LANGUAGE_STANDARD = gnu99;
				GCC_DYNAMIC_NO_PIC = NO;
				GCC_NO_COMMON_BLOCKS = YES;
				GCC_OPTIMIZATION_LEVEL = 0;
				GCC_PREPROCESSOR_DEFINITIONS = (
					"DEBUG=1",
					"$(inherited)",
				);
				GCC_WARN_64_TO_32_BIT_CONVERSION = YES;
				GCC_WARN_ABOUT_RETURN_TYPE = YES_ERROR;
				GCC_WARN_UNDECLARED_SELECTOR = YES;
				GCC_WARN_UNINITIALIZED_AUTOS = YES_AGGRESSIVE;
				GCC_WARN_UNUSED_FUNCTION = YES;
				GCC_WARN_UNUSED_VARIABLE = YES;
				IPHONEOS_DEPLOYMENT_TARGET = 9.2;
				MTL_ENABLE_DEBUG_INFO = YES;
				ONLY_ACTIVE_ARCH = YES;
				SDKROOT = iphoneos;
				SWIFT_OPTIMIZATION_LEVEL = "-Onone";
			};
			name = Debug;
		};
		375496381C88867F00356802 /* Release */ = {
			isa = XCBuildConfiguration;
			buildSettings = {
				ALWAYS_SEARCH_USER_PATHS = NO;
				CLANG_CXX_LANGUAGE_STANDARD = "gnu++0x";
				CLANG_CXX_LIBRARY = "libc++";
				CLANG_ENABLE_MODULES = YES;
				CLANG_ENABLE_OBJC_ARC = YES;
				CLANG_WARN_BOOL_CONVERSION = YES;
				CLANG_WARN_CONSTANT_CONVERSION = YES;
				CLANG_WARN_DIRECT_OBJC_ISA_USAGE = YES_ERROR;
				CLANG_WARN_EMPTY_BODY = YES;
				CLANG_WARN_ENUM_CONVERSION = YES;
				CLANG_WARN_INT_CONVERSION = YES;
				CLANG_WARN_OBJC_ROOT_CLASS = YES_ERROR;
				CLANG_WARN_UNREACHABLE_CODE = YES;
				CLANG_WARN__DUPLICATE_METHOD_MATCH = YES;
				"CODE_SIGN_IDENTITY[sdk=iphoneos*]" = "iPhone Developer";
				COPY_PHASE_STRIP = NO;
				DEBUG_INFORMATION_FORMAT = "dwarf-with-dsym";
				ENABLE_NS_ASSERTIONS = NO;
				ENABLE_STRICT_OBJC_MSGSEND = YES;
				GCC_C_LANGUAGE_STANDARD = gnu99;
				GCC_NO_COMMON_BLOCKS = YES;
				GCC_WARN_64_TO_32_BIT_CONVERSION = YES;
				GCC_WARN_ABOUT_RETURN_TYPE = YES_ERROR;
				GCC_WARN_UNDECLARED_SELECTOR = YES;
				GCC_WARN_UNINITIALIZED_AUTOS = YES_AGGRESSIVE;
				GCC_WARN_UNUSED_FUNCTION = YES;
				GCC_WARN_UNUSED_VARIABLE = YES;
				IPHONEOS_DEPLOYMENT_TARGET = 9.2;
				MTL_ENABLE_DEBUG_INFO = NO;
				SDKROOT = iphoneos;
				VALIDATE_PRODUCT = YES;
			};
			name = Release;
		};
		3754963A1C88867F00356802 /* Debug */ = {
			isa = XCBuildConfiguration;
			buildSettings = {
				ASSETCATALOG_COMPILER_APPICON_NAME = AppIcon;
				INFOPLIST_FILE = FNAM/Info.plist;
				LD_RUNPATH_SEARCH_PATHS = "$(inherited) @executable_path/Frameworks";
				PRODUCT_BUNDLE_IDENTIFIER = com.Kenta.FNAM;
				PRODUCT_NAME = "$(TARGET_NAME)";
			};
			name = Debug;
		};
		3754963B1C88867F00356802 /* Release */ = {
			isa = XCBuildConfiguration;
			buildSettings = {
				ASSETCATALOG_COMPILER_APPICON_NAME = AppIcon;
				INFOPLIST_FILE = FNAM/Info.plist;
				LD_RUNPATH_SEARCH_PATHS = "$(inherited) @executable_path/Frameworks";
				PRODUCT_BUNDLE_IDENTIFIER = com.Kenta.FNAM;
				PRODUCT_NAME = "$(TARGET_NAME)";
			};
			name = Release;
		};
/* End XCBuildConfiguration section */

/* Begin XCConfigurationList section */
		375496221C88867E00356802 /* Build configuration list for PBXProject "FNAM" */ = {
			isa = XCConfigurationList;
			buildConfigurations = (
				375496371C88867F00356802 /* Debug */,
				375496381C88867F00356802 /* Release */,
			);
			defaultConfigurationIsVisible = 0;
			defaultConfigurationName = Release;
		};
		375496391C88867F00356802 /* Build configuration list for PBXNativeTarget "FNAM" */ = {
			isa = XCConfigurationList;
			buildConfigurations = (
				3754963A1C88867F00356802 /* Debug */,
				3754963B1C88867F00356802 /* Release */,
			);
			defaultConfigurationIsVisible = 0;
		};
/* End XCConfigurationList section */
	};
	rootObject = 3754961F1C88867E00356802 /* Project object */;
}
